
Microsoft Visual Studio Solution File, Format Version 12.00
# Visual Studio Version 16
VisualStudioVersion = 16.0.31624.102
MinimumVisualStudioVersion = 10.0.40219.1
Project("{FAE04EC0-301F-11D3-BF4B-00C04F79EFBC}") = "WorkAround", "WorkAround\WorkAround.csproj", "{DB4A245C-EA64-4966-8FD7-FF5B1EA526AE}"
EndProject
Project("{FAE04EC0-301F-11D3-BF4B-00C04F79EFBC}") = "Entities", "Entities\Entities.csproj", "{4A889B16-17E1-4386-89F3-43DF3CB24999}"
EndProject
Project("{FAE04EC0-301F-11D3-BF4B-00C04F79EFBC}") = "Business", "Business\Business.csproj", "{34B00D8F-DB09-446B-ABAC-539929630677}"
EndProject
Global
	GlobalSection(SolutionConfigurationPlatforms) = preSolution
		Debug|Any CPU = Debug|Any CPU
		Release|Any CPU = Release|Any CPU
	EndGlobalSection
	GlobalSection(ProjectConfigurationPlatforms) = postSolution
		{DB4A245C-EA64-4966-8FD7-FF5B1EA526AE}.Debug|Any CPU.ActiveCfg = Debug|Any CPU
		{DB4A245C-EA64-4966-8FD7-FF5B1EA526AE}.Debug|Any CPU.Build.0 = Debug|Any CPU
		{DB4A245C-EA64-4966-8FD7-FF5B1EA526AE}.Release|Any CPU.ActiveCfg = Release|Any CPU
		{DB4A245C-EA64-4966-8FD7-FF5B1EA526AE}.Release|Any CPU.Build.0 = Release|Any CPU
		{4A889B16-17E1-4386-89F3-43DF3CB24999}.Debug|Any CPU.ActiveCfg = Debug|Any CPU
		{4A889B16-17E1-4386-89F3-43DF3CB24999}.Debug|Any CPU.Build.0 = Debug|Any CPU
		{4A889B16-17E1-4386-89F3-43DF3CB24999}.Release|Any CPU.ActiveCfg = Release|Any CPU
		{4A889B16-17E1-4386-89F3-43DF3CB24999}.Release|Any CPU.Build.0 = Release|Any CPU
		{34B00D8F-DB09-446B-ABAC-539929630677}.Debug|Any CPU.ActiveCfg = Debug|Any CPU
		{34B00D8F-DB09-446B-ABAC-539929630677}.Debug|Any CPU.Build.0 = Debug|Any CPU
		{34B00D8F-DB09-446B-ABAC-539929630677}.Release|Any CPU.ActiveCfg = Release|Any CPU
		{34B00D8F-DB09-446B-ABAC-539929630677}.Release|Any CPU.Build.0 = Release|Any CPU
	EndGlobalSection
	GlobalSection(SolutionProperties) = preSolution
		HideSolutionNode = FALSE
	EndGlobalSection
	GlobalSection(ExtensibilityGlobals) = postSolution
		SolutionGuid = {F7BC7F6C-165C-4EE8-9375-ACBC94FD6577}
	EndGlobalSection
EndGlobal
